
Microsoft Visual Studio Solution File, Format Version 12.00
# Visual Studio Version 17
VisualStudioVersion = 17.1.32328.378
MinimumVisualStudioVersion = 10.0.40219.1
Project("{2150E333-8FDC-42A3-9474-1A3956D46DE8}") = "Others", "Others", "{32891F65-FBA1-42B2-918E-61F3A9623F2A}"
	ProjectSection(SolutionItems) = preProject
		.editorconfig = .editorconfig
		.gitignore = .gitignore
		global.json = global.json
		NuGet.config = NuGet.config
		.github\workflows\publish-beta.yml = .github\workflows\publish-beta.yml
		.github\workflows\publish.yml = .github\workflows\publish.yml
		Readme.MD = Readme.MD
		.github\workflows\test.yml = .github\workflows\test.yml
	EndProjectSection
EndProject
Project("{9A19103F-16F7-4668-BE54-9A1E7A4F7556}") = "DH.NAgent", "DH.NAgent\DH.NAgent.csproj", "{260A337D-B1E2-46AE-A42B-DACE9FD95359}"
EndProject
Project("{2150E333-8FDC-42A3-9474-1A3956D46DE8}") = "Samples", "Samples", "{C69CCAD9-D0ED-42A2-B34C-ADB7F3F25A74}"
EndProject
Project("{9A19103F-16F7-4668-BE54-9A1E7A4F7556}") = "DH.Extensions.Hosting.AgentService", "DH.Extensions.Hosting.AgentService\DH.Extensions.Hosting.AgentService.csproj", "{4CBE9426-C7B0-41D2-9BB1-18405816D6F2}"
EndProject
Global
	GlobalSection(SolutionConfigurationPlatforms) = preSolution
		Debug|Any CPU = Debug|Any CPU
		Debug|iPhone = Debug|iPhone
		Debug|iPhoneSimulator = Debug|iPhoneSimulator
		Release|Any CPU = Release|Any CPU
		Release|iPhone = Release|iPhone
		Release|iPhoneSimulator = Release|iPhoneSimulator
	EndGlobalSection
	GlobalSection(ProjectConfigurationPlatforms) = postSolution
		{260A337D-B1E2-46AE-A42B-DACE9FD95359}.Debug|Any CPU.ActiveCfg = Debug|Any CPU
		{260A337D-B1E2-46AE-A42B-DACE9FD95359}.Debug|Any CPU.Build.0 = Debug|Any CPU
		{260A337D-B1E2-46AE-A42B-DACE9FD95359}.Debug|iPhone.ActiveCfg = Debug|Any CPU
		{260A337D-B1E2-46AE-A42B-DACE9FD95359}.Debug|iPhone.Build.0 = Debug|Any CPU
		{260A337D-B1E2-46AE-A42B-DACE9FD95359}.Debug|iPhoneSimulator.ActiveCfg = Debug|Any CPU
		{260A337D-B1E2-46AE-A42B-DACE9FD95359}.Debug|iPhoneSimulator.Build.0 = Debug|Any CPU
		{260A337D-B1E2-46AE-A42B-DACE9FD95359}.Release|Any CPU.ActiveCfg = Release|Any CPU
		{260A337D-B1E2-46AE-A42B-DACE9FD95359}.Release|Any CPU.Build.0 = Release|Any CPU
		{260A337D-B1E2-46AE-A42B-DACE9FD95359}.Release|iPhone.ActiveCfg = Release|Any CPU
		{260A337D-B1E2-46AE-A42B-DACE9FD95359}.Release|iPhone.Build.0 = Release|Any CPU
		{260A337D-B1E2-46AE-A42B-DACE9FD95359}.Release|iPhoneSimulator.ActiveCfg = Release|Any CPU
		{260A337D-B1E2-46AE-A42B-DACE9FD95359}.Release|iPhoneSimulator.Build.0 = Release|Any CPU
		{4CBE9426-C7B0-41D2-9BB1-18405816D6F2}.Debug|Any CPU.ActiveCfg = Debug|Any CPU
		{4CBE9426-C7B0-41D2-9BB1-18405816D6F2}.Debug|Any CPU.Build.0 = Debug|Any CPU
		{4CBE9426-C7B0-41D2-9BB1-18405816D6F2}.Debug|iPhone.ActiveCfg = Debug|Any CPU
		{4CBE9426-C7B0-41D2-9BB1-18405816D6F2}.Debug|iPhone.Build.0 = Debug|Any CPU
		{4CBE9426-C7B0-41D2-9BB1-18405816D6F2}.Debug|iPhoneSimulator.ActiveCfg = Debug|Any CPU
		{4CBE9426-C7B0-41D2-9BB1-18405816D6F2}.Debug|iPhoneSimulator.Build.0 = Debug|Any CPU
		{4CBE9426-C7B0-41D2-9BB1-18405816D6F2}.Release|Any CPU.ActiveCfg = Release|Any CPU
		{4CBE9426-C7B0-41D2-9BB1-18405816D6F2}.Release|Any CPU.Build.0 = Release|Any CPU
		{4CBE9426-C7B0-41D2-9BB1-18405816D6F2}.Release|iPhone.ActiveCfg = Release|Any CPU
		{4CBE9426-C7B0-41D2-9BB1-18405816D6F2}.Release|iPhone.Build.0 = Release|Any CPU
		{4CBE9426-C7B0-41D2-9BB1-18405816D6F2}.Release|iPhoneSimulator.ActiveCfg = Release|Any CPU
		{4CBE9426-C7B0-41D2-9BB1-18405816D6F2}.Release|iPhoneSimulator.Build.0 = Release|Any CPU
	EndGlobalSection
	GlobalSection(SolutionProperties) = preSolution
		HideSolutionNode = FALSE
	EndGlobalSection
	GlobalSection(ExtensibilityGlobals) = postSolution
		SolutionGuid = {6AEA440B-0D90-4F6E-BA9A-D42B27A78D7B}
	EndGlobalSection
EndGlobal
